<Solution>
  <Folder Name="/src/">
    <Project Path="src/KCAS.Admin/KCAS.Admin.csproj" />
  </Folder>
  <Folder Name="/tests/">
    <Project Path="tests/KCAS.Admin.Tests/KCAS.Admin.Tests.csproj" />
  </Folder>
  <Folder Name="/tools/">
    <Project Path="tools/KCAS.LegacyImport/KCAS.LegacyImport.csproj" />
  </Folder>
</Solution>
